# THIS IS AN AUTOGENERATED FILE. DO NOT EDIT THIS FILE DIRECTLY.
# yarn lockfile v1


"@opam-alpha/biniou@>= 1.0.6":
  version "1.0.12"
  resolved "https://registry.yarnpkg.com/@opam-alpha/biniou/-/biniou-1.0.12.tgz#7fae6bc59a1b11796692637b8f37509cc3ec8d5b"
  dependencies:
    biniou-actual "git://github.com/npm-opam/biniou.git#1.0.12"

"@opam-alpha/conf-m4@*":
  version "4.1.0"
  resolved "https://registry.yarnpkg.com/@opam-alpha/conf-m4/-/conf-m4-4.1.0.tgz#91500bb3c9c9ca790731671035a5beb0664e0ce8"
  dependencies:
    conf-m4-actual "git://github.com/npm-opam/conf-m4.git#4.1.0"

"@opam-alpha/conf-which@*":
  version "1.0.0"
  resolved "https://registry.yarnpkg.com/@opam-alpha/conf-which/-/conf-which-1.0.0.tgz#45b4dc34e3c256b8027fc47d672eca0d1c25f541"
  dependencies:
    conf-which-actual "git://github.com/npm-opam/conf-which.git#1.0.0"

"@opam-alpha/cppo@*":
  version "1.4.1"
  resolved "https://registry.yarnpkg.com/@opam-alpha/cppo/-/cppo-1.4.1.tgz#9f06bdedf148e6db8d16ec4043734593d0e8ee65"
  dependencies:
    cppo-actual "git://github.com/npm-opam/cppo.git#1.4.1"

"@opam-alpha/easy-format@*":
  version "1.2.0"
  resolved "https://registry.yarnpkg.com/@opam-alpha/easy-format/-/easy-format-1.2.0.tgz#08d53c49a8227ae7d0dec0aa0f236d8fc913cd6b"
  dependencies:
    easy-format-actual "git://github.com/npm-opam/easy-format.git#1.2.0"

"@opam-alpha/menhir@>= 20160303.0.0":
  version "20160825.0.0"
  resolved "https://registry.yarnpkg.com/@opam-alpha/menhir/-/menhir-20160825.0.0.tgz#45f638756944bdcf97b95416ccb226b0739d0206"
  dependencies:
    menhir-actual "git://github.com/npm-opam/menhir.git#20160825.0.0"

"@opam-alpha/merlin-extend@^ 0.3.0":
  version "0.3.0"
  resolved "https://registry.yarnpkg.com/@opam-alpha/merlin-extend/-/merlin-extend-0.3.0.tgz#aceb5adda46a6190a6388bc95744947956524aed"
  dependencies:
    merlin-extend-actual "git://github.com/npm-opam/merlin-extend.git#0.3.0"

"@opam-alpha/merlin@^ 2.5.0":
  version "2.5.1"
  resolved "https://registry.yarnpkg.com/@opam-alpha/merlin/-/merlin-2.5.1.tgz#d0c4e9b17ea3fe842f0ce1628f5c0a1f0ad2d179"
  dependencies:
    merlin-actual "git://github.com/npm-opam/merlin.git#2.5.1"

"@opam-alpha/ocaml@4.2.3":
  version "4.2.3"
  resolved "https://registry.yarnpkg.com/@opam-alpha/ocaml/-/ocaml-4.2.3.tgz#44c6e23fbb716196d4a6121f7751e09c0ad34018"
  dependencies:
    ocaml "git+https://github.com/npm-opam/ocaml.git#npm-4.02.3"

"@opam-alpha/ocamlbuild@*":
  version "0.9.2"
  resolved "https://registry.yarnpkg.com/@opam-alpha/ocamlbuild/-/ocamlbuild-0.9.2.tgz#b5d67c1e7bd3be9091333694f045d7725b77851f"

"@opam-alpha/ocamlfind@*", "@opam-alpha/ocamlfind@>= 1.5.2":
  version "1.6.2"
  resolved "https://registry.yarnpkg.com/@opam-alpha/ocamlfind/-/ocamlfind-1.6.2.tgz#4fb4c7f3b0b039b786aeaf7efc460c420e90055d"
  dependencies:
    ocamlfind-actual "git+https://github.com/npm-opam/ocamlfind.git#1.6.2"

"@opam-alpha/result@1.2.0":
  version "1.2.0"
  resolved "https://registry.yarnpkg.com/@opam-alpha/result/-/result-1.2.0.tgz#cdb0a208f6c6c0be98748eeedb63a3982ace6f71"
  dependencies:
    result-actual "git://github.com/npm-opam/result.git#1.2.0"

"@opam-alpha/yojson@*":
  version "1.3.3"
  resolved "https://registry.yarnpkg.com/@opam-alpha/yojson/-/yojson-1.3.3.tgz#3aead8805482520d31af234a4beb775f44ec37dc"
  dependencies:
    yojson-actual "git://github.com/npm-opam/yojson.git#1.3.3"

archiver-utils@^1.3.0:
  version "1.3.0"
  resolved "https://registry.yarnpkg.com/archiver-utils/-/archiver-utils-1.3.0.tgz#e50b4c09c70bf3d680e32ff1b7994e9f9d895174"
  dependencies:
    glob "^7.0.0"
    graceful-fs "^4.1.0"
    lazystream "^1.0.0"
    lodash "^4.8.0"
    normalize-path "^2.0.0"
    readable-stream "^2.0.0"

archiver@^1.3.0:
  version "1.3.0"
  resolved "https://registry.yarnpkg.com/archiver/-/archiver-1.3.0.tgz#4f2194d6d8f99df3f531e6881f14f15d55faaf22"
  dependencies:
    archiver-utils "^1.3.0"
    async "^2.0.0"
    buffer-crc32 "^0.2.1"
    glob "^7.0.0"
    lodash "^4.8.0"
    readable-stream "^2.0.0"
    tar-stream "^1.5.0"
    walkdir "^0.0.11"
    zip-stream "^1.1.0"

async@^2.0.0:
  version "2.1.5"
  resolved "https://registry.yarnpkg.com/async/-/async-2.1.5.tgz#e587c68580994ac67fc56ff86d3ac56bdbe810bc"
  dependencies:
    lodash "^4.14.0"

balanced-match@^0.4.1:
  version "0.4.2"
  resolved "https://registry.yarnpkg.com/balanced-match/-/balanced-match-0.4.2.tgz#cb3f3e3c732dc0f01ee70b403f302e61d7709838"

"biniou-actual@git://github.com/npm-opam/biniou.git#1.0.12":
  version "1.0.12"
  resolved "git://github.com/npm-opam/biniou.git#198ece6041aa0853bc1637475796840b3daae5a9"
  dependencies:
    "@opam-alpha/conf-which" "*"
    "@opam-alpha/easy-format" "*"
    "@opam-alpha/ocamlfind" "*"
    dependency-env "*"
    nopam "*"
    opam-installer-bin "https://github.com/yunxing/opam-installer-bin.git"
    substs "https://github.com/yunxing/substs.git"

bl@^1.0.0:
  version "1.2.0"
  resolved "https://registry.yarnpkg.com/bl/-/bl-1.2.0.tgz#1397e7ec42c5f5dc387470c500e34a9f6be9ea98"
  dependencies:
    readable-stream "^2.0.5"

brace-expansion@^1.0.0:
  version "1.1.6"
  resolved "https://registry.yarnpkg.com/brace-expansion/-/brace-expansion-1.1.6.tgz#7197d7eaa9b87e648390ea61fc66c84427420df9"
  dependencies:
    balanced-match "^0.4.1"
    concat-map "0.0.1"

buffer-crc32@^0.2.1:
  version "0.2.13"
  resolved "https://registry.yarnpkg.com/buffer-crc32/-/buffer-crc32-0.2.13.tgz#0d333e3f00eac50aa1454abd30ef8c2a5d9a7242"

buffer-shims@^1.0.0:
  version "1.0.0"
  resolved "https://registry.yarnpkg.com/buffer-shims/-/buffer-shims-1.0.0.tgz#9978ce317388c649ad8793028c3477ef044a8b51"

"camomile-bin@https://github.com/reasonml/camomile-bin":
  version "0.8.5"
  resolved "https://github.com/reasonml/camomile-bin#08f5d6115b76d46897af47b9ee8e70a55973b40f"
  dependencies:
    "@opam-alpha/ocamlfind" "*"
    dependency-env "*"
    nopam "*"

compress-commons@^1.1.0:
  version "1.1.0"
  resolved "https://registry.yarnpkg.com/compress-commons/-/compress-commons-1.1.0.tgz#9f4460bb1288564c7473916e0298aa3c320dcadb"
  dependencies:
    buffer-crc32 "^0.2.1"
    crc32-stream "^1.0.0"
    normalize-path "^2.0.0"
    readable-stream "^2.0.0"

concat-map@0.0.1:
  version "0.0.1"
  resolved "https://registry.yarnpkg.com/concat-map/-/concat-map-0.0.1.tgz#d8a96bd77fd68df7793a73036a3ba0d5405d477b"

"conf-m4-actual@git://github.com/npm-opam/conf-m4.git#4.1.0":
  version "4.1.0"
  resolved "git://github.com/npm-opam/conf-m4.git#75e353ae7ae97a988319ddb0e97ecfa25bce4739"
  dependencies:
    dependency-env "*"
    nopam "*"
    opam-installer-bin "https://github.com/yunxing/opam-installer-bin.git"
    substs "https://github.com/yunxing/substs.git"

"conf-which-actual@git://github.com/npm-opam/conf-which.git#1.0.0":
  version "1.0.0"
  resolved "git://github.com/npm-opam/conf-which.git#0b798e035ea41e43744ff28075b15d1a5dc9ac99"
  dependencies:
    dependency-env "*"
    nopam "*"
    opam-installer-bin "https://github.com/yunxing/opam-installer-bin.git"
    substs "https://github.com/yunxing/substs.git"

core-util-is@~1.0.0:
  version "1.0.2"
  resolved "https://registry.yarnpkg.com/core-util-is/-/core-util-is-1.0.2.tgz#b5fd54220aa2bc5ab57aab7140c940754503c1a7"

"cppo-actual@git://github.com/npm-opam/cppo.git#1.4.1":
  version "1.4.1"
  resolved "git://github.com/npm-opam/cppo.git#f93baf17d8099c5866df939264ddddb6457aa7d2"
  dependencies:
    "@opam-alpha/ocamlbuild" "*"
    "@opam-alpha/ocamlfind" "*"
    dependency-env "*"
    nopam "*"
    opam-installer-bin "https://github.com/yunxing/opam-installer-bin.git"
    substs "https://github.com/yunxing/substs.git"

crc32-stream@^1.0.0:
  version "1.0.1"
  resolved "https://registry.yarnpkg.com/crc32-stream/-/crc32-stream-1.0.1.tgz#ce2c5dc3bd8ffb3830f9cb47f540222c63c90fab"
  dependencies:
    crc "^3.4.4"
    readable-stream "^2.0.0"

crc@^3.4.4:
  version "3.4.4"
  resolved "https://registry.yarnpkg.com/crc/-/crc-3.4.4.tgz#9da1e980e3bd44fc5c93bf5ab3da3378d85e466b"

dependency-env@*, dependency-env@^0.1.1:
  version "0.1.1"
  resolved "https://registry.yarnpkg.com/dependency-env/-/dependency-env-0.1.1.tgz#ee95e51dba64f82a4f8d368c6591524f054b91b5"
  dependencies:
    resolve "^1.1.7"

"dependency-env@https://github.com/npm-ml/dependency-env.git":
  version "0.1.1"
  resolved "https://github.com/npm-ml/dependency-env.git#94c75aff3a71587afb570d89bcf2eef7996bb67f"
  dependencies:
    resolve "^1.1.7"

"easy-format-actual@git://github.com/npm-opam/easy-format.git#1.2.0":
  version "1.2.0"
  resolved "git://github.com/npm-opam/easy-format.git#9a61ee2ca3cff40b50a36dc66dcb7761d096a451"
  dependencies:
    "@opam-alpha/ocamlfind" "*"
    dependency-env "*"
    nopam "*"
    opam-installer-bin "https://github.com/yunxing/opam-installer-bin.git"
    substs "https://github.com/yunxing/substs.git"

end-of-stream@^1.0.0:
  version "1.1.0"
  resolved "https://registry.yarnpkg.com/end-of-stream/-/end-of-stream-1.1.0.tgz#e9353258baa9108965efc41cb0ef8ade2f3cfb07"
  dependencies:
    once "~1.3.0"

fs.realpath@^1.0.0:
  version "1.0.0"
  resolved "https://registry.yarnpkg.com/fs.realpath/-/fs.realpath-1.0.0.tgz#1504ad2523158caa40db4a2787cb01411994ea4f"

glob@^7.0.0:
  version "7.1.1"
  resolved "https://registry.yarnpkg.com/glob/-/glob-7.1.1.tgz#805211df04faaf1c63a3600306cdf5ade50b2ec8"
  dependencies:
    fs.realpath "^1.0.0"
    inflight "^1.0.4"
    inherits "2"
    minimatch "^3.0.2"
    once "^1.3.0"
    path-is-absolute "^1.0.0"

graceful-fs@^4.1.0:
  version "4.1.11"
  resolved "https://registry.yarnpkg.com/graceful-fs/-/graceful-fs-4.1.11.tgz#0e8bdfe4d1ddb8854d64e04ea7c00e2a026e5658"

inflight@^1.0.4:
  version "1.0.6"
  resolved "https://registry.yarnpkg.com/inflight/-/inflight-1.0.6.tgz#49bd6331d7d02d0c09bc910a1075ba8165b56df9"
  dependencies:
    once "^1.3.0"
    wrappy "1"

inherits@2, inherits@~2.0.1:
  version "2.0.3"
  resolved "https://registry.yarnpkg.com/inherits/-/inherits-2.0.3.tgz#633c2c83e3da42a502f52466022480f4208261de"

isarray@~1.0.0:
  version "1.0.0"
  resolved "https://registry.yarnpkg.com/isarray/-/isarray-1.0.0.tgz#bb935d48582cba168c06834957a54a3e07124f11"

"lambda-term-bin@https://github.com/reasonml/lambda-term-bin":
  version "1.10.0"
  resolved "https://github.com/reasonml/lambda-term-bin#72137b68f22af1fd2d1e52afbb02ff45b494908a"
  dependencies:
    "@opam-alpha/ocamlfind" "*"
    dependency-env "*"
    lwt-bin "https://github.com/reasonml/lwt-bin"
    nopam "*"
    react-bin "https://github.com/reasonml/react-bin"
    zed-bin "https://github.com/reasonml/zed-bin"

lazystream@^1.0.0:
  version "1.0.0"
  resolved "https://registry.yarnpkg.com/lazystream/-/lazystream-1.0.0.tgz#f6995fe0f820392f61396be89462407bb77168e4"
  dependencies:
    readable-stream "^2.0.5"

lodash@^4.14.0, lodash@^4.8.0:
  version "4.17.4"
  resolved "https://registry.yarnpkg.com/lodash/-/lodash-4.17.4.tgz#78203a4d1c328ae1d86dca6460e369b57f4055ae"

"lwt-bin@https://github.com/reasonml/lwt-bin":
  version "2.5.2"
  resolved "https://github.com/reasonml/lwt-bin#96859b56091d3b46d3c36e80522a137bb768fee5"
  dependencies:
    "@opam-alpha/ocamlfind" "*"
    dependency-env "*"
    nopam "*"
    react-bin "https://github.com/reasonml/react-bin"

"menhir-actual@git://github.com/npm-opam/menhir.git#20160825.0.0":
  version "20160825.0.0"
  resolved "git://github.com/npm-opam/menhir.git#8d6905e8eeb4bedcec501a14fdc7a7d950f85874"
  dependencies:
    "@opam-alpha/ocamlbuild" "*"
    "@opam-alpha/ocamlfind" "*"
    dependency-env "*"
    nopam "*"
    opam-installer-bin "https://github.com/yunxing/opam-installer-bin.git"
    substs "https://github.com/yunxing/substs.git"

"merlin-actual@git://github.com/npm-opam/merlin.git#2.5.1":
  version "2.5.1"
  resolved "git://github.com/npm-opam/merlin.git#5b236062b3cceff3e653ba47283159cf6895a93b"
  dependencies:
    "@opam-alpha/ocamlfind" ">= 1.5.2"
    "@opam-alpha/yojson" "*"
    dependency-env "*"
    nopam "*"
    opam-installer-bin "https://github.com/yunxing/opam-installer-bin.git"
    substs "https://github.com/yunxing/substs.git"

"merlin-extend-actual@git://github.com/npm-opam/merlin-extend.git#0.3.0":
  version "0.3.0"
  resolved "git://github.com/npm-opam/merlin-extend.git#8d01d124db27f46a27e04f25d0e1c54bab0d0f48"
  dependencies:
    "@opam-alpha/cppo" "*"
    "@opam-alpha/ocamlfind" "*"
    dependency-env "*"
    nopam "*"
    opam-installer-bin "https://github.com/yunxing/opam-installer-bin.git"
    substs "https://github.com/yunxing/substs.git"

minimatch@^3.0.2:
  version "3.0.3"
  resolved "https://registry.yarnpkg.com/minimatch/-/minimatch-3.0.3.tgz#2a4e4090b96b2db06a9d7df01055a62a77c9b774"
  dependencies:
    brace-expansion "^1.0.0"

nopam@*, nopam@^0.1.0:
  version "0.1.0"
  resolved "https://registry.yarnpkg.com/nopam/-/nopam-0.1.0.tgz#a727efd0a80ec3ec93acb7aa3a7ac8990ec8759e"

"nopam@https://github.com/yunxing/nopam.git":
  version "0.1.0"
  resolved "https://github.com/yunxing/nopam.git#7cd19f068ac9aaf75010cd6961f7c65c779a1d4a"

normalize-path@^2.0.0:
  version "2.0.1"
  resolved "https://registry.yarnpkg.com/normalize-path/-/normalize-path-2.0.1.tgz#47886ac1662760d4261b7d979d241709d3ce3f7a"

"ocaml@git+https://github.com/npm-opam/ocaml.git#npm-4.02.3":
  version "4.2.3"
  resolved "git+https://github.com/npm-opam/ocaml.git#0bb98be8e5233a02282ed8de0c8965677ddbde33"

"ocamlfind-actual@git+https://github.com/npm-opam/ocamlfind.git#1.6.2":
  version "1.6.2"
  resolved "git+https://github.com/npm-opam/ocamlfind.git#f6ea48c7628210d477ead863d32feba2357b9afe"
  dependencies:
    "@opam-alpha/conf-m4" "*"
    "@opam-alpha/ocaml" "4.2.3"
    dependency-env "*"
    nopam "*"

once@^1.3.0:
  version "1.4.0"
  resolved "https://registry.yarnpkg.com/once/-/once-1.4.0.tgz#583b1aa775961d4b113ac17d9c50baef9dd76bd1"
  dependencies:
    wrappy "1"

once@~1.3.0:
  version "1.3.3"
  resolved "https://registry.yarnpkg.com/once/-/once-1.3.3.tgz#b2e261557ce4c314ec8304f3fa82663e4297ca20"
  dependencies:
    wrappy "1"

"opam-installer-bin@git+https://github.com/yunxing/opam-installer-bin.git", "opam-installer-bin@https://github.com/yunxing/opam-installer-bin.git":
  version "0.0.0"
  resolved "https://github.com/yunxing/opam-installer-bin.git#689ede681217f76fb2f82a9f4528e192a5b543ba"
  dependencies:
    dependency-env "https://github.com/npm-ml/dependency-env.git"
    nopam "https://github.com/yunxing/nopam.git"

path-is-absolute@^1.0.0:
  version "1.0.1"
  resolved "https://registry.yarnpkg.com/path-is-absolute/-/path-is-absolute-1.0.1.tgz#174b9268735534ffbc7ace6bf53a5a9e1b5c5f5f"

path-parse@^1.0.5:
  version "1.0.5"
  resolved "https://registry.yarnpkg.com/path-parse/-/path-parse-1.0.5.tgz#3c1adf871ea9cd6c9431b6ea2bd74a0ff055c4c1"

process-nextick-args@~1.0.6:
  version "1.0.7"
  resolved "https://registry.yarnpkg.com/process-nextick-args/-/process-nextick-args-1.0.7.tgz#150e20b756590ad3f91093f25a4f2ad8bff30ba3"

"react-bin@https://github.com/reasonml/react-bin":
  version "1.2.2"
  resolved "https://github.com/reasonml/react-bin#b9868712a9e76af9de52e726912bdd99f9a66e87"
  dependencies:
    "@opam-alpha/ocamlfind" "*"
    dependency-env "*"
    nopam "*"

readable-stream@^2.0.0, readable-stream@^2.0.5:
  version "2.2.3"
  resolved "https://registry.yarnpkg.com/readable-stream/-/readable-stream-2.2.3.tgz#9cf49463985df016c8ae8813097a9293a9b33729"
  dependencies:
    buffer-shims "^1.0.0"
    core-util-is "~1.0.0"
    inherits "~2.0.1"
    isarray "~1.0.0"
    process-nextick-args "~1.0.6"
    string_decoder "~0.10.x"
    util-deprecate "~1.0.1"

"reason@^ 1.9.0":
  version "1.9.0"
  resolved "https://registry.yarnpkg.com/reason/-/reason-1.9.0.tgz#8493a3325bc56c14bda62ba116c8611f82b60ebb"
  dependencies:
    "@opam-alpha/menhir" ">= 20160303.0.0"
    "@opam-alpha/merlin-extend" "^ 0.3.0"
    "@opam-alpha/ocaml" "4.2.3"
    "@opam-alpha/ocamlfind" "*"
    "@opam-alpha/result" "1.2.0"
    dependency-env "*"
    nopam "*"
    opam-installer-bin "https://github.com/yunxing/opam-installer-bin.git"
    utop-bin "https://github.com/reasonml/utop-bin"

resolve@^1.1.7:
  version "1.3.2"
  resolved "https://registry.yarnpkg.com/resolve/-/resolve-1.3.2.tgz#1f0442c9e0cbb8136e87b9305f932f46c7f28235"
  dependencies:
    path-parse "^1.0.5"

"result-actual@git://github.com/npm-opam/result.git#1.2.0":
  version "1.2.0"
  resolved "git://github.com/npm-opam/result.git#4d1f6b57414dd336a37b8fad935bf7a9a78c884b"
  dependencies:
    dependency-env "https://github.com/npm-ml/dependency-env.git"
    nopam "https://github.com/yunxing/nopam.git"
    opam-installer-bin "https://github.com/yunxing/opam-installer-bin.git"
    substs "https://github.com/yunxing/substs.git"

string_decoder@~0.10.x:
  version "0.10.31"
  resolved "https://registry.yarnpkg.com/string_decoder/-/string_decoder-0.10.31.tgz#62e203bc41766c6c28c9fc84301dab1c5310fa94"

"substs@https://github.com/yunxing/substs.git":
  version "0.0.1"
  resolved "https://github.com/yunxing/substs.git#d173c906e696d96a59fbbedce6a62de581763e96"

tar-stream@^1.5.0:
  version "1.5.2"
  resolved "https://registry.yarnpkg.com/tar-stream/-/tar-stream-1.5.2.tgz#fbc6c6e83c1a19d4cb48c7d96171fc248effc7bf"
  dependencies:
    bl "^1.0.0"
    end-of-stream "^1.0.0"
    readable-stream "^2.0.0"
    xtend "^4.0.0"

util-deprecate@~1.0.1:
  version "1.0.2"
  resolved "https://registry.yarnpkg.com/util-deprecate/-/util-deprecate-1.0.2.tgz#450d4dc9fa70de732762fbd2d4a28981419a0ccf"

"utop-bin@git+https://github.com/reasonml/utop-bin.git":
  version "1.19.2"
  resolved "git+https://github.com/reasonml/utop-bin.git#5e9e322c1f264c0d9e8abb9f85e5472de1c8147d"
  dependencies:
    "@opam-alpha/ocamlfind" "*"
    camomile-bin "https://github.com/reasonml/camomile-bin"
    dependency-env "*"
    lambda-term-bin "https://github.com/reasonml/lambda-term-bin"
    lwt-bin "https://github.com/reasonml/lwt-bin"
    nopam "*"
    react-bin "https://github.com/reasonml/react-bin"

walkdir@^0.0.11:
  version "0.0.11"
  resolved "https://registry.yarnpkg.com/walkdir/-/walkdir-0.0.11.tgz#a16d025eb931bd03b52f308caed0f40fcebe9532"

wrappy@1:
  version "1.0.2"
  resolved "https://registry.yarnpkg.com/wrappy/-/wrappy-1.0.2.tgz#b5243d8f3ec1aa35f1364605bc0d1036e30ab69f"

xtend@^4.0.0:
  version "4.0.1"
  resolved "https://registry.yarnpkg.com/xtend/-/xtend-4.0.1.tgz#a5c6d532be656e23db820efb943a1f04998d63af"

"yojson-actual@git://github.com/npm-opam/yojson.git#1.3.3":
  version "1.3.3"
  resolved "git://github.com/npm-opam/yojson.git#a72727dd8899c53153fd8a7cea06c626d0a71faf"
  dependencies:
    "@opam-alpha/biniou" ">= 1.0.6"
    "@opam-alpha/cppo" "*"
    "@opam-alpha/easy-format" "*"
    "@opam-alpha/ocamlfind" "*"
    dependency-env "*"
    nopam "*"
    opam-installer-bin "https://github.com/yunxing/opam-installer-bin.git"
    substs "https://github.com/yunxing/substs.git"

"zed-bin@https://github.com/reasonml/zed-bin":
  version "1.4.0"
  resolved "https://github.com/reasonml/zed-bin#7d2f0677a4a73c1b51ecbf05589e1f7b5bd76705"
  dependencies:
    "@opam-alpha/ocamlfind" "*"
    camomile-bin "https://github.com/reasonml/camomile-bin"
    dependency-env "*"
    nopam "*"
    react-bin "https://github.com/reasonml/react-bin"

zip-stream@^1.1.0:
  version "1.1.1"
  resolved "https://registry.yarnpkg.com/zip-stream/-/zip-stream-1.1.1.tgz#5216b48bbb4d2651f64d5c6e6f09eb4a7399d557"
  dependencies:
    archiver-utils "^1.3.0"
    compress-commons "^1.1.0"
    lodash "^4.8.0"
    readable-stream "^2.0.0"
